{
  "version": 4,
  "terraform_version": "0.14.3",
  "serial": 8,
  "lineage": "ef0494cb-887a-6cf0-c985-f17f062ec9bf",
  "outputs": {},
  "resources": [
    {
      "module": "module.some-awesome-project",
      "mode": "managed",
      "type": "github_repository",
      "name": "repository",
      "provider": "provider[\"registry.terraform.io/hashicorp/github\"]",
      "instances": [
        {
          "schema_version": 0,
          "attributes": {
            "allow_merge_commit": true,
            "allow_rebase_merge": true,
            "allow_squash_merge": true,
            "archive_on_destroy": null,
            "archived": false,
            "auto_init": true,
            "default_branch": "main",
            "delete_branch_on_merge": true,
            "description": "this is a sample description for the awesome project",
            "etag": "W/\"313837d59ea2a0a79dffa1e537290dbf053e70b05058de1f0f0511affd3dbf71\"",
            "full_name": "terraform-github-article/some-awesome-project",
            "git_clone_url": "git://github.com/terraform-github-article/some-awesome-project.git",
            "gitignore_template": null,
            "has_downloads": true,
            "has_issues": true,
            "has_projects": false,
            "has_wiki": true,
            "homepage_url": "",
            "html_url": "https://github.com/terraform-github-article/some-awesome-project",
            "http_clone_url": "https://github.com/terraform-github-article/some-awesome-project.git",
            "id": "some-awesome-project",
            "is_template": false,
            "license_template": null,
            "name": "some-awesome-project",
            "node_id": "MDEwOlJlcG9zaXRvcnkzNTY3NDIwODk=",
            "pages": [],
            "private": true,
            "repo_id": 356742089,
            "ssh_clone_url": "git@github.com:terraform-github-article/some-awesome-project.git",
            "svn_url": "https://github.com/terraform-github-article/some-awesome-project",
            "template": [],
            "topics": null,
            "visibility": "private",
            "vulnerability_alerts": false
          },
          "sensitive_attributes": [],
          "private": "bnVsbA=="
        }
      ]
    },
    {
      "module": "module.team",
      "mode": "managed",
      "type": "github_team",
      "name": "admins-team",
      "provider": "provider[\"registry.terraform.io/hashicorp/github\"]",
      "instances": [
        {
          "schema_version": 0,
          "attributes": {
            "create_default_maintainer": false,
            "description": "organization admins",
            "etag": "W/\"824de60f8a145a7aa8412df33e3682aef0b3c752757eb2d9308ed96b84adb576\"",
            "id": "4708668",
            "ldap_dn": "",
            "members_count": 0,
            "name": "Admins",
            "node_id": "MDQ6VGVhbTQ3MDg2Njg=",
            "parent_team_id": null,
            "privacy": "closed",
            "slug": "admins"
          },
          "sensitive_attributes": [],
          "private": "bnVsbA=="
        }
      ]
    },
    {
      "module": "module.team",
      "mode": "managed",
      "type": "github_team",
      "name": "engineers-team",
      "provider": "provider[\"registry.terraform.io/hashicorp/github\"]",
      "instances": [
        {
          "schema_version": 0,
          "attributes": {
            "create_default_maintainer": false,
            "description": "organization engineers",
            "etag": "W/\"6a69d538cd7acbd25ad4901a5dffa898d22c3b6675b63835c58d8d91fa5598f0\"",
            "id": "4708669",
            "ldap_dn": "",
            "members_count": 0,
            "name": "Engineers",
            "node_id": "MDQ6VGVhbTQ3MDg2Njk=",
            "parent_team_id": null,
            "privacy": "closed",
            "slug": "engineers"
          },
          "sensitive_attributes": [],
          "private": "bnVsbA=="
        }
      ]
    },
    {
      "module": "module.team",
      "mode": "managed",
      "type": "github_team_membership",
      "name": "admin-members",
      "provider": "provider[\"registry.terraform.io/hashicorp/github\"]",
      "instances": [
        {
          "index_key": "brunapereira",
          "schema_version": 0,
          "attributes": {
            "etag": "W/\"55a3a0dcee7e05aaebbaf9d41f2852967037e618424be94be0562dc63f87e493\"",
            "id": "4708668:brunapereira",
            "role": "maintainer",
            "team_id": "4708668",
            "username": "brunapereira"
          },
          "sensitive_attributes": [],
          "private": "bnVsbA==",
          "dependencies": [
            "module.team.github_team.admins-team"
          ]
        }
      ]
    },
    {
      "module": "module.team",
      "mode": "managed",
      "type": "github_team_membership",
      "name": "engineer-members",
      "provider": "provider[\"registry.terraform.io/hashicorp/github\"]",
      "instances": [
        {
          "index_key": "ebragaparah",
          "schema_version": 0,
          "attributes": {
            "etag": "W/\"05be1ab629c43ac774cd67b45b0d53b75988b807d7360e8ce59bf79d37b5b7ae\"",
            "id": "4708669:ebragaparah",
            "role": "member",
            "team_id": "4708669",
            "username": "ebragaparah"
          },
          "sensitive_attributes": [],
          "private": "bnVsbA==",
          "dependencies": [
            "module.team.github_team.engineers-team"
          ]
        }
      ]
    }
  ]
}
