{
  "version": 4,
  "terraform_version": "0.14.3",
  "serial": 6,
  "lineage": "9e2341b7-96d8-55ba-a68a-52ba928f4bbf",
  "outputs": {},
  "resources": [
    {
      "module": "module.some-awesome-project",
      "mode": "managed",
      "type": "github_repository",
      "name": "repository",
      "provider": "provider[\"registry.terraform.io/hashicorp/github\"]",
      "instances": [
        {
          "schema_version": 0,
          "attributes": {
            "allow_merge_commit": true,
            "allow_rebase_merge": true,
            "allow_squash_merge": true,
            "archive_on_destroy": null,
            "archived": false,
            "auto_init": true,
            "default_branch": "main",
            "delete_branch_on_merge": true,
            "description": "this is a sample description for the awesome project",
            "etag": "W/\"35e873d150e444cc9e74d8113b765b70ca89608995bf2083f9f86b6e18dfe817\"",
            "full_name": "terraform-github-article/some-awesome-project",
            "git_clone_url": "git://github.com/terraform-github-article/some-awesome-project.git",
            "gitignore_template": null,
            "has_downloads": true,
            "has_issues": true,
            "has_projects": false,
            "has_wiki": true,
            "homepage_url": "",
            "html_url": "https://github.com/terraform-github-article/some-awesome-project",
            "http_clone_url": "https://github.com/terraform-github-article/some-awesome-project.git",
            "id": "some-awesome-project",
            "is_template": false,
            "license_template": null,
            "name": "some-awesome-project",
            "node_id": "MDEwOlJlcG9zaXRvcnkzNjE1MjkyNjM=",
            "pages": [],
            "private": true,
            "repo_id": 361529263,
            "ssh_clone_url": "git@github.com:terraform-github-article/some-awesome-project.git",
            "svn_url": "https://github.com/terraform-github-article/some-awesome-project",
            "template": [],
            "topics": null,
            "visibility": "private",
            "vulnerability_alerts": false
          },
          "sensitive_attributes": [],
          "private": "bnVsbA=="
        }
      ]
    },
    {
      "module": "module.team",
      "mode": "managed",
      "type": "github_team",
      "name": "admins-team",
      "provider": "provider[\"registry.terraform.io/hashicorp/github\"]",
      "instances": [
        {
          "schema_version": 0,
          "attributes": {
            "create_default_maintainer": false,
            "description": "organization admins",
            "etag": "W/\"d65dcc03df3ac9df6b6b4634cc60f69ab8c7211ff00b638d96b94b5458bdd8a6\"",
            "id": "4752590",
            "ldap_dn": "",
            "members_count": 0,
            "name": "Admins",
            "node_id": "MDQ6VGVhbTQ3NTI1OTA=",
            "parent_team_id": null,
            "privacy": "closed",
            "slug": "admins"
          },
          "sensitive_attributes": [],
          "private": "bnVsbA=="
        }
      ]
    },
    {
      "module": "module.team",
      "mode": "managed",
      "type": "github_team",
      "name": "engineers-team",
      "provider": "provider[\"registry.terraform.io/hashicorp/github\"]",
      "instances": [
        {
          "schema_version": 0,
          "attributes": {
            "create_default_maintainer": false,
            "description": "organization engineers",
            "etag": "W/\"24d08383c46078267c77fa6796feb303f7653c286564a3b0620782137aede5a9\"",
            "id": "4752589",
            "ldap_dn": "",
            "members_count": 0,
            "name": "Engineers",
            "node_id": "MDQ6VGVhbTQ3NTI1ODk=",
            "parent_team_id": null,
            "privacy": "closed",
            "slug": "engineers"
          },
          "sensitive_attributes": [],
          "private": "bnVsbA=="
        }
      ]
    },
    {
      "module": "module.team",
      "mode": "managed",
      "type": "github_team_membership",
      "name": "admin-members",
      "provider": "provider[\"registry.terraform.io/hashicorp/github\"]",
      "instances": [
        {
          "index_key": "brunapereira",
          "schema_version": 0,
          "attributes": {
            "etag": "W/\"69b681138269af05a1b6bd7cebf4666a7d8282e0d53c8bdd74a7783c1cd2de59\"",
            "id": "4752590:brunapereira",
            "role": "maintainer",
            "team_id": "4752590",
            "username": "brunapereira"
          },
          "sensitive_attributes": [],
          "private": "bnVsbA==",
          "dependencies": [
            "module.team.github_team.admins-team"
          ]
        }
      ]
    },
    {
      "module": "module.team",
      "mode": "managed",
      "type": "github_team_membership",
      "name": "engineer-members",
      "provider": "provider[\"registry.terraform.io/hashicorp/github\"]",
      "instances": [
        {
          "index_key": "ebragaparah",
          "schema_version": 0,
          "attributes": {
            "etag": "W/\"3bca55e674c4e6cd9a1ccd6dd8301f10ab2af1cbbe56cf4cecf0cc5731824ed1\"",
            "id": "4752589:ebragaparah",
            "role": "member",
            "team_id": "4752589",
            "username": "ebragaparah"
          },
          "sensitive_attributes": [],
          "private": "bnVsbA==",
          "dependencies": [
            "module.team.github_team.engineers-team"
          ]
        }
      ]
    }
  ]
}
